// !$*UTF8*$!
{
	archiveVersion = 1;
	classes = {
	};
	objectVersion = 50;
	objects = {

/* Begin PBXBuildFile section */
		18F3CC1721FDA74F00008E4B /* AppDelegate.swift in Sources */ = {isa = PBXBuildFile; fileRef = 18F3CC1621FDA74F00008E4B /* AppDelegate.swift */; };
		18F3CC1921FDA74F00008E4B /* ViewController.swift in Sources */ = {isa = PBXBuildFile; fileRef = 18F3CC1821FDA74F00008E4B /* ViewController.swift */; };
		18F3CC1C21FDA74F00008E4B /* Main.storyboard in Resources */ = {isa = PBXBuildFile; fileRef = 18F3CC1A21FDA74F00008E4B /* Main.storyboard */; };
		18F3CC1E21FDA75000008E4B /* Assets.xcassets in Resources */ = {isa = PBXBuildFile; fileRef = 18F3CC1D21FDA75000008E4B /* Assets.xcassets */; };
		18F3CC2121FDA75000008E4B /* LaunchScreen.storyboard in Resources */ = {isa = PBXBuildFile; fileRef = 18F3CC1F21FDA75000008E4B /* LaunchScreen.storyboard */; };
		18F3CC2C21FDA75000008E4B /* HW41Tests.swift in Sources */ = {isa = PBXBuildFile; fileRef = 18F3CC2B21FDA75000008E4B /* HW41Tests.swift */; };
		18F3CC3721FDA75000008E4B /* HW41UITests.swift in Sources */ = {isa = PBXBuildFile; fileRef = 18F3CC3621FDA75000008E4B /* HW41UITests.swift */; };
/* End PBXBuildFile section */

/* Begin PBXContainerItemProxy section */
		18F3CC2821FDA75000008E4B /* PBXContainerItemProxy */ = {
			isa = PBXContainerItemProxy;
			containerPortal = 18F3CC0B21FDA74F00008E4B /* Project object */;
			proxyType = 1;
			remoteGlobalIDString = 18F3CC1221FDA74F00008E4B;
			remoteInfo = HW41;
		};
		18F3CC3321FDA75000008E4B /* PBXContainerItemProxy */ = {
			isa = PBXContainerItemProxy;
			containerPortal = 18F3CC0B21FDA74F00008E4B /* Project object */;
			proxyType = 1;
			remoteGlobalIDString = 18F3CC1221FDA74F00008E4B;
			remoteInfo = HW41;
		};
/* End PBXContainerItemProxy section */

/* Begin PBXFileReference section */
		18F3CC1321FDA74F00008E4B /* HW41.app */ = {isa = PBXFileReference; explicitFileType = wrapper.application; includeInIndex = 0; path = HW41.app; sourceTree = BUILT_PRODUCTS_DIR; };
		18F3CC1621FDA74F00008E4B /* AppDelegate.swift */ = {isa = PBXFileReference; lastKnownFileType = sourcecode.swift; path = AppDelegate.swift; sourceTree = "<group>"; };
		18F3CC1821FDA74F00008E4B /* ViewController.swift */ = {isa = PBXFileReference; lastKnownFileType = sourcecode.swift; path = ViewController.swift; sourceTree = "<group>"; };
		18F3CC1B21FDA74F00008E4B /* Base */ = {isa = PBXFileReference; lastKnownFileType = file.storyboard; name = Base; path = Base.lproj/Main.storyboard; sourceTree = "<group>"; };
		18F3CC1D21FDA75000008E4B /* Assets.xcassets */ = {isa = PBXFileReference; lastKnownFileType = folder.assetcatalog; path = Assets.xcassets; sourceTree = "<group>"; };
		18F3CC2021FDA75000008E4B /* Base */ = {isa = PBXFileReference; lastKnownFileType = file.storyboard; name = Base; path = Base.lproj/LaunchScreen.storyboard; sourceTree = "<group>"; };
		18F3CC2221FDA75000008E4B /* Info.plist */ = {isa = PBXFileReference; lastKnownFileType = text.plist.xml; path = Info.plist; sourceTree = "<group>"; };
		18F3CC2721FDA75000008E4B /* HW41Tests.xctest */ = {isa = PBXFileReference; explicitFileType = wrapper.cfbundle; includeInIndex = 0; path = HW41Tests.xctest; sourceTree = BUILT_PRODUCTS_DIR; };
		18F3CC2B21FDA75000008E4B /* HW41Tests.swift */ = {isa = PBXFileReference; lastKnownFileType = sourcecode.swift; path = HW41Tests.swift; sourceTree = "<group>"; };
		18F3CC2D21FDA75000008E4B /* Info.plist */ = {isa = PBXFileReference; lastKnownFileType = text.plist.xml; path = Info.plist; sourceTree = "<group>"; };
		18F3CC3221FDA75000008E4B /* HW41UITests.xctest */ = {isa = PBXFileReference; explicitFileType = wrapper.cfbundle; includeInIndex = 0; path = HW41UITests.xctest; sourceTree = BUILT_PRODUCTS_DIR; };
		18F3CC3621FDA75000008E4B /* HW41UITests.swift */ = {isa = PBXFileReference; lastKnownFileType = sourcecode.swift; path = HW41UITests.swift; sourceTree = "<group>"; };
		18F3CC3821FDA75000008E4B /* Info.plist */ = {isa = PBXFileReference; lastKnownFileType = text.plist.xml; path = Info.plist; sourceTree = "<group>"; };
/* End PBXFileReference section */

/* Begin PBXFrameworksBuildPhase section */
		18F3CC1021FDA74F00008E4B /* Frameworks */ = {
			isa = PBXFrameworksBuildPhase;
			buildActionMask = 2147483647;
			files = (
			);
			runOnlyForDeploymentPostprocessing = 0;
		};
		18F3CC2421FDA75000008E4B /* Frameworks */ = {
			isa = PBXFrameworksBuildPhase;
			buildActionMask = 2147483647;
			files = (
			);
			runOnlyForDeploymentPostprocessing = 0;
		};
		18F3CC2F21FDA75000008E4B /* Frameworks */ = {
			isa = PBXFrameworksBuildPhase;
			buildActionMask = 2147483647;
			files = (
			);
			runOnlyForDeploymentPostprocessing = 0;
		};
/* End PBXFrameworksBuildPhase section */

/* Begin PBXGroup section */
		18F3CC0A21FDA74F00008E4B = {
			isa = PBXGroup;
			children = (
				18F3CC1521FDA74F00008E4B /* HW41 */,
				18F3CC2A21FDA75000008E4B /* HW41Tests */,
				18F3CC3521FDA75000008E4B /* HW41UITests */,
				18F3CC1421FDA74F00008E4B /* Products */,
			);
			sourceTree = "<group>";
		};
		18F3CC1421FDA74F00008E4B /* Products */ = {
			isa = PBXGroup;
			children = (
				18F3CC1321FDA74F00008E4B /* HW41.app */,
				18F3CC2721FDA75000008E4B /* HW41Tests.xctest */,
				18F3CC3221FDA75000008E4B /* HW41UITests.xctest */,
			);
			name = Products;
			sourceTree = "<group>";
		};
		18F3CC1521FDA74F00008E4B /* HW41 */ = {
			isa = PBXGroup;
			children = (
				18F3CC1621FDA74F00008E4B /* AppDelegate.swift */,
				18F3CC1821FDA74F00008E4B /* ViewController.swift */,
				18F3CC1A21FDA74F00008E4B /* Main.storyboard */,
				18F3CC1D21FDA75000008E4B /* Assets.xcassets */,
				18F3CC1F21FDA75000008E4B /* LaunchScreen.storyboard */,
				18F3CC2221FDA75000008E4B /* Info.plist */,
			);
			path = HW41;
			sourceTree = "<group>";
		};
		18F3CC2A21FDA75000008E4B /* HW41Tests */ = {
			isa = PBXGroup;
			children = (
				18F3CC2B21FDA75000008E4B /* HW41Tests.swift */,
				18F3CC2D21FDA75000008E4B /* Info.plist */,
			);
			path = HW41Tests;
			sourceTree = "<group>";
		};
		18F3CC3521FDA75000008E4B /* HW41UITests */ = {
			isa = PBXGroup;
			children = (
				18F3CC3621FDA75000008E4B /* HW41UITests.swift */,
				18F3CC3821FDA75000008E4B /* Info.plist */,
			);
			path = HW41UITests;
			sourceTree = "<group>";
		};
/* End PBXGroup section */

/* Begin PBXNativeTarget section */
		18F3CC1221FDA74F00008E4B /* HW41 */ = {
			isa = PBXNativeTarget;
			buildConfigurationList = 18F3CC3B21FDA75000008E4B /* Build configuration list for PBXNativeTarget "HW41" */;
			buildPhases = (
				18F3CC0F21FDA74F00008E4B /* Sources */,
				18F3CC1021FDA74F00008E4B /* Frameworks */,
				18F3CC1121FDA74F00008E4B /* Resources */,
			);
			buildRules = (
			);
			dependencies = (
			);
			name = HW41;
			productName = HW41;
			productReference = 18F3CC1321FDA74F00008E4B /* HW41.app */;
			productType = "com.apple.product-type.application";
		};
		18F3CC2621FDA75000008E4B /* HW41Tests */ = {
			isa = PBXNativeTarget;
			buildConfigurationList = 18F3CC3E21FDA75000008E4B /* Build configuration list for PBXNativeTarget "HW41Tests" */;
			buildPhases = (
				18F3CC2321FDA75000008E4B /* Sources */,
				18F3CC2421FDA75000008E4B /* Frameworks */,
				18F3CC2521FDA75000008E4B /* Resources */,
			);
			buildRules = (
			);
			dependencies = (
				18F3CC2921FDA75000008E4B /* PBXTargetDependency */,
			);
			name = HW41Tests;
			productName = HW41Tests;
			productReference = 18F3CC2721FDA75000008E4B /* HW41Tests.xctest */;
			productType = "com.apple.product-type.bundle.unit-test";
		};
		18F3CC3121FDA75000008E4B /* HW41UITests */ = {
			isa = PBXNativeTarget;
			buildConfigurationList = 18F3CC4121FDA75000008E4B /* Build configuration list for PBXNativeTarget "HW41UITests" */;
			buildPhases = (
				18F3CC2E21FDA75000008E4B /* Sources */,
				18F3CC2F21FDA75000008E4B /* Frameworks */,
				18F3CC3021FDA75000008E4B /* Resources */,
			);
			buildRules = (
			);
			dependencies = (
				18F3CC3421FDA75000008E4B /* PBXTargetDependency */,
			);
			name = HW41UITests;
			productName = HW41UITests;
			productReference = 18F3CC3221FDA75000008E4B /* HW41UITests.xctest */;
			productType = "com.apple.product-type.bundle.ui-testing";
		};
/* End PBXNativeTarget section */

/* Begin PBXProject section */
		18F3CC0B21FDA74F00008E4B /* Project object */ = {
			isa = PBXProject;
			attributes = {
				LastSwiftUpdateCheck = 1010;
				LastUpgradeCheck = 1010;
				ORGANIZATIONNAME = "min-chia";
				TargetAttributes = {
					18F3CC1221FDA74F00008E4B = {
						CreatedOnToolsVersion = 10.1;
					};
					18F3CC2621FDA75000008E4B = {
						CreatedOnToolsVersion = 10.1;
						TestTargetID = 18F3CC1221FDA74F00008E4B;
					};
					18F3CC3121FDA75000008E4B = {
						CreatedOnToolsVersion = 10.1;
						TestTargetID = 18F3CC1221FDA74F00008E4B;
					};
				};
			};
			buildConfigurationList = 18F3CC0E21FDA74F00008E4B /* Build configuration list for PBXProject "HW41" */;
			compatibilityVersion = "Xcode 9.3";
			developmentRegion = en;
			hasScannedForEncodings = 0;
			knownRegions = (
				en,
				Base,
			);
			mainGroup = 18F3CC0A21FDA74F00008E4B;
			productRefGroup = 18F3CC1421FDA74F00008E4B /* Products */;
			projectDirPath = "";
			projectRoot = "";
			targets = (
				18F3CC1221FDA74F00008E4B /* HW41 */,
				18F3CC2621FDA75000008E4B /* HW41Tests */,
				18F3CC3121FDA75000008E4B /* HW41UITests */,
			);
		};
/* End PBXProject section */

/* Begin PBXResourcesBuildPhase section */
		18F3CC1121FDA74F00008E4B /* Resources */ = {
			isa = PBXResourcesBuildPhase;
			buildActionMask = 2147483647;
			files = (
				18F3CC2121FDA75000008E4B /* LaunchScreen.storyboard in Resources */,
				18F3CC1E21FDA75000008E4B /* Assets.xcassets in Resources */,
				18F3CC1C21FDA74F00008E4B /* Main.storyboard in Resources */,
			);
			runOnlyForDeploymentPostprocessing = 0;
		};
		18F3CC2521FDA75000008E4B /* Resources */ = {
			isa = PBXResourcesBuildPhase;
			buildActionMask = 2147483647;
			files = (
			);
			runOnlyForDeploymentPostprocessing = 0;
		};
		18F3CC3021FDA75000008E4B /* Resources */ = {
			isa = PBXResourcesBuildPhase;
			buildActionMask = 2147483647;
			files = (
			);
			runOnlyForDeploymentPostprocessing = 0;
		};
/* End PBXResourcesBuildPhase section */

/* Begin PBXSourcesBuildPhase section */
		18F3CC0F21FDA74F00008E4B /* Sources */ = {
			isa = PBXSourcesBuildPhase;
			buildActionMask = 2147483647;
			files = (
				18F3CC1921FDA74F00008E4B /* ViewController.swift in Sources */,
				18F3CC1721FDA74F00008E4B /* AppDelegate.swift in Sources */,
			);
			runOnlyForDeploymentPostprocessing = 0;
		};
		18F3CC2321FDA75000008E4B /* Sources */ = {
			isa = PBXSourcesBuildPhase;
			buildActionMask = 2147483647;
			files = (
				18F3CC2C21FDA75000008E4B /* HW41Tests.swift in Sources */,
			);
			runOnlyForDeploymentPostprocessing = 0;
		};
		18F3CC2E21FDA75000008E4B /* Sources */ = {
			isa = PBXSourcesBuildPhase;
			buildActionMask = 2147483647;
			files = (
				18F3CC3721FDA75000008E4B /* HW41UITests.swift in Sources */,
			);
			runOnlyForDeploymentPostprocessing = 0;
		};
/* End PBXSourcesBuildPhase section */

/* Begin PBXTargetDependency section */
		18F3CC2921FDA75000008E4B /* PBXTargetDependency */ = {
			isa = PBXTargetDependency;
			target = 18F3CC1221FDA74F00008E4B /* HW41 */;
			targetProxy = 18F3CC2821FDA75000008E4B /* PBXContainerItemProxy */;
		};
		18F3CC3421FDA75000008E4B /* PBXTargetDependency */ = {
			isa = PBXTargetDependency;
			target = 18F3CC1221FDA74F00008E4B /* HW41 */;
			targetProxy = 18F3CC3321FDA75000008E4B /* PBXContainerItemProxy */;
		};
/* End PBXTargetDependency section */

/* Begin PBXVariantGroup section */
		18F3CC1A21FDA74F00008E4B /* Main.storyboard */ = {
			isa = PBXVariantGroup;
			children = (
				18F3CC1B21FDA74F00008E4B /* Base */,
			);
			name = Main.storyboard;
			sourceTree = "<group>";
		};
		18F3CC1F21FDA75000008E4B /* LaunchScreen.storyboard */ = {
			isa = PBXVariantGroup;
			children = (
				18F3CC2021FDA75000008E4B /* Base */,
			);
			name = LaunchScreen.storyboard;
			sourceTree = "<group>";
		};
/* End PBXVariantGroup section */

/* Begin XCBuildConfiguration section */
		18F3CC3921FDA75000008E4B /* Debug */ = {
			isa = XCBuildConfiguration;
			buildSettings = {
				ALWAYS_SEARCH_USER_PATHS = NO;
				CLANG_ANALYZER_NONNULL = YES;
				CLANG_ANALYZER_NUMBER_OBJECT_CONVERSION = YES_AGGRESSIVE;
				CLANG_CXX_LANGUAGE_STANDARD = "gnu++14";
				CLANG_CXX_LIBRARY = "libc++";
				CLANG_ENABLE_MODULES = YES;
				CLANG_ENABLE_OBJC_ARC = YES;
				CLANG_ENABLE_OBJC_WEAK = YES;
				CLANG_WARN_BLOCK_CAPTURE_AUTORELEASING = YES;
				CLANG_WARN_BOOL_CONVERSION = YES;
				CLANG_WARN_COMMA = YES;
				CLANG_WARN_CONSTANT_CONVERSION = YES;
				CLANG_WARN_DEPRECATED_OBJC_IMPLEMENTATIONS = YES;
				CLANG_WARN_DIRECT_OBJC_ISA_USAGE = YES_ERROR;
				CLANG_WARN_DOCUMENTATION_COMMENTS = YES;
				CLANG_WARN_EMPTY_BODY = YES;
				CLANG_WARN_ENUM_CONVERSION = YES;
				CLANG_WARN_INFINITE_RECURSION = YES;
				CLANG_WARN_INT_CONVERSION = YES;
				CLANG_WARN_NON_LITERAL_NULL_CONVERSION = YES;
				CLANG_WARN_OBJC_IMPLICIT_RETAIN_SELF = YES;
				CLANG_WARN_OBJC_LITERAL_CONVERSION = YES;
				CLANG_WARN_OBJC_ROOT_CLASS = YES_ERROR;
				CLANG_WARN_RANGE_LOOP_ANALYSIS = YES;
				CLANG_WARN_STRICT_PROTOTYPES = YES;
				CLANG_WARN_SUSPICIOUS_MOVE = YES;
				CLANG_WARN_UNGUARDED_AVAILABILITY = YES_AGGRESSIVE;
				CLANG_WARN_UNREACHABLE_CODE = YES;
				CLANG_WARN__DUPLICATE_METHOD_MATCH = YES;
				CODE_SIGN_IDENTITY = "iPhone Developer";
				COPY_PHASE_STRIP = NO;
				DEBUG_INFORMATION_FORMAT = dwarf;
				ENABLE_STRICT_OBJC_MSGSEND = YES;
				ENABLE_TESTABILITY = YES;
				GCC_C_LANGUAGE_STANDARD = gnu11;
				GCC_DYNAMIC_NO_PIC = NO;
				GCC_NO_COMMON_BLOCKS = YES;
				GCC_OPTIMIZATION_LEVEL = 0;
				GCC_PREPROCESSOR_DEFINITIONS = (
					"DEBUG=1",
					"$(inherited)",
				);
				GCC_WARN_64_TO_32_BIT_CONVERSION = YES;
				GCC_WARN_ABOUT_RETURN_TYPE = YES_ERROR;
				GCC_WARN_UNDECLARED_SELECTOR = YES;
				GCC_WARN_UNINITIALIZED_AUTOS = YES_AGGRESSIVE;
				GCC_WARN_UNUSED_FUNCTION = YES;
				GCC_WARN_UNUSED_VARIABLE = YES;
				IPHONEOS_DEPLOYMENT_TARGET = 12.1;
				MTL_ENABLE_DEBUG_INFO = INCLUDE_SOURCE;
				MTL_FAST_MATH = YES;
				ONLY_ACTIVE_ARCH = YES;
				SDKROOT = iphoneos;
				SWIFT_ACTIVE_COMPILATION_CONDITIONS = DEBUG;
				SWIFT_OPTIMIZATION_LEVEL = "-Onone";
			};
			name = Debug;
		};
		18F3CC3A21FDA75000008E4B /* Release */ = {
			isa = XCBuildConfiguration;
			buildSettings = {
				ALWAYS_SEARCH_USER_PATHS = NO;
				CLANG_ANALYZER_NONNULL = YES;
				CLANG_ANALYZER_NUMBER_OBJECT_CONVERSION = YES_AGGRESSIVE;
				CLANG_CXX_LANGUAGE_STANDARD = "gnu++14";
				CLANG_CXX_LIBRARY = "libc++";
				CLANG_ENABLE_MODULES = YES;
				CLANG_ENABLE_OBJC_ARC = YES;
				CLANG_ENABLE_OBJC_WEAK = YES;
				CLANG_WARN_BLOCK_CAPTURE_AUTORELEASING = YES;
				CLANG_WARN_BOOL_CONVERSION = YES;
				CLANG_WARN_COMMA = YES;
				CLANG_WARN_CONSTANT_CONVERSION = YES;
				CLANG_WARN_DEPRECATED_OBJC_IMPLEMENTATIONS = YES;
				CLANG_WARN_DIRECT_OBJC_ISA_USAGE = YES_ERROR;
				CLANG_WARN_DOCUMENTATION_COMMENTS = YES;
				CLANG_WARN_EMPTY_BODY = YES;
				CLANG_WARN_ENUM_CONVERSION = YES;
				CLANG_WARN_INFINITE_RECURSION = YES;
				CLANG_WARN_INT_CONVERSION = YES;
				CLANG_WARN_NON_LITERAL_NULL_CONVERSION = YES;
				CLANG_WARN_OBJC_IMPLICIT_RETAIN_SELF = YES;
				CLANG_WARN_OBJC_LITERAL_CONVERSION = YES;
				CLANG_WARN_OBJC_ROOT_CLASS = YES_ERROR;
				CLANG_WARN_RANGE_LOOP_ANALYSIS = YES;
				CLANG_WARN_STRICT_PROTOTYPES = YES;
				CLANG_WARN_SUSPICIOUS_MOVE = YES;
				CLANG_WARN_UNGUARDED_AVAILABILITY = YES_AGGRESSIVE;
				CLANG_WARN_UNREACHABLE_CODE = YES;
				CLANG_WARN__DUPLICATE_METHOD_MATCH = YES;
				CODE_SIGN_IDENTITY = "iPhone Developer";
				COPY_PHASE_STRIP = NO;
				DEBUG_INFORMATION_FORMAT = "dwarf-with-dsym";
				ENABLE_NS_ASSERTIONS = NO;
				ENABLE_STRICT_OBJC_MSGSEND = YES;
				GCC_C_LANGUAGE_STANDARD = gnu11;
				GCC_NO_COMMON_BLOCKS = YES;
				GCC_WARN_64_TO_32_BIT_CONVERSION = YES;
				GCC_WARN_ABOUT_RETURN_TYPE = YES_ERROR;
				GCC_WARN_UNDECLARED_SELECTOR = YES;
				GCC_WARN_UNINITIALIZED_AUTOS = YES_AGGRESSIVE;
				GCC_WARN_UNUSED_FUNCTION = YES;
				GCC_WARN_UNUSED_VARIABLE = YES;
				IPHONEOS_DEPLOYMENT_TARGET = 12.1;
				MTL_ENABLE_DEBUG_INFO = NO;
				MTL_FAST_MATH = YES;
				SDKROOT = iphoneos;
				SWIFT_COMPILATION_MODE = wholemodule;
				SWIFT_OPTIMIZATION_LEVEL = "-O";
				VALIDATE_PRODUCT = YES;
			};
			name = Release;
		};
		18F3CC3C21FDA75000008E4B /* Debug */ = {
			isa = XCBuildConfiguration;
			buildSettings = {
				ASSETCATALOG_COMPILER_APPICON_NAME = AppIcon;
				CODE_SIGN_STYLE = Automatic;
				INFOPLIST_FILE = HW41/Info.plist;
				LD_RUNPATH_SEARCH_PATHS = (
					"$(inherited)",
					"@executable_path/Frameworks",
				);
				PRODUCT_BUNDLE_IDENTIFIER = com.HelloLogin.HW41;
				PRODUCT_NAME = "$(TARGET_NAME)";
				SWIFT_VERSION = 4.2;
				TARGETED_DEVICE_FAMILY = "1,2";
			};
			name = Debug;
		};
		18F3CC3D21FDA75000008E4B /* Release */ = {
			isa = XCBuildConfiguration;
			buildSettings = {
				ASSETCATALOG_COMPILER_APPICON_NAME = AppIcon;
				CODE_SIGN_STYLE = Automatic;
				INFOPLIST_FILE = HW41/Info.plist;
				LD_RUNPATH_SEARCH_PATHS = (
					"$(inherited)",
					"@executable_path/Frameworks",
				);
				PRODUCT_BUNDLE_IDENTIFIER = com.HelloLogin.HW41;
				PRODUCT_NAME = "$(TARGET_NAME)";
				SWIFT_VERSION = 4.2;
				TARGETED_DEVICE_FAMILY = "1,2";
			};
			name = Release;
		};
		18F3CC3F21FDA75000008E4B /* Debug */ = {
			isa = XCBuildConfiguration;
			buildSettings = {
				ALWAYS_EMBED_SWIFT_STANDARD_LIBRARIES = YES;
				BUNDLE_LOADER = "$(TEST_HOST)";
				CODE_SIGN_STYLE = Automatic;
				INFOPLIST_FILE = HW41Tests/Info.plist;
				LD_RUNPATH_SEARCH_PATHS = (
					"$(inherited)",
					"@executable_path/Frameworks",
					"@loader_path/Frameworks",
				);
				PRODUCT_BUNDLE_IDENTIFIER = com.HelloLogin.HW41Tests;
				PRODUCT_NAME = "$(TARGET_NAME)";
				SWIFT_VERSION = 4.2;
				TARGETED_DEVICE_FAMILY = "1,2";
				TEST_HOST = "$(BUILT_PRODUCTS_DIR)/HW41.app/HW41";
			};
			name = Debug;
		};
		18F3CC4021FDA75000008E4B /* Release */ = {
			isa = XCBuildConfiguration;
			buildSettings = {
				ALWAYS_EMBED_SWIFT_STANDARD_LIBRARIES = YES;
				BUNDLE_LOADER = "$(TEST_HOST)";
				CODE_SIGN_STYLE = Automatic;
				INFOPLIST_FILE = HW41Tests/Info.plist;
				LD_RUNPATH_SEARCH_PATHS = (
					"$(inherited)",
					"@executable_path/Frameworks",
					"@loader_path/Frameworks",
				);
				PRODUCT_BUNDLE_IDENTIFIER = com.HelloLogin.HW41Tests;
				PRODUCT_NAME = "$(TARGET_NAME)";
				SWIFT_VERSION = 4.2;
				TARGETED_DEVICE_FAMILY = "1,2";
				TEST_HOST = "$(BUILT_PRODUCTS_DIR)/HW41.app/HW41";
			};
			name = Release;
		};
		18F3CC4221FDA75000008E4B /* Debug */ = {
			isa = XCBuildConfiguration;
			buildSettings = {
				ALWAYS_EMBED_SWIFT_STANDARD_LIBRARIES = YES;
				CODE_SIGN_STYLE = Automatic;
				INFOPLIST_FILE = HW41UITests/Info.plist;
				LD_RUNPATH_SEARCH_PATHS = (
					"$(inherited)",
					"@executable_path/Frameworks",
					"@loader_path/Frameworks",
				);
				PRODUCT_BUNDLE_IDENTIFIER = com.HelloLogin.HW41UITests;
				PRODUCT_NAME = "$(TARGET_NAME)";
				SWIFT_VERSION = 4.2;
				TARGETED_DEVICE_FAMILY = "1,2";
				TEST_TARGET_NAME = HW41;
			};
			name = Debug;
		};
		18F3CC4321FDA75000008E4B /* Release */ = {
			isa = XCBuildConfiguration;
			buildSettings = {
				ALWAYS_EMBED_SWIFT_STANDARD_LIBRARIES = YES;
				CODE_SIGN_STYLE = Automatic;
				INFOPLIST_FILE = HW41UITests/Info.plist;
				LD_RUNPATH_SEARCH_PATHS = (
					"$(inherited)",
					"@executable_path/Frameworks",
					"@loader_path/Frameworks",
				);
				PRODUCT_BUNDLE_IDENTIFIER = com.HelloLogin.HW41UITests;
				PRODUCT_NAME = "$(TARGET_NAME)";
				SWIFT_VERSION = 4.2;
				TARGETED_DEVICE_FAMILY = "1,2";
				TEST_TARGET_NAME = HW41;
			};
			name = Release;
		};
/* End XCBuildConfiguration section */

/* Begin XCConfigurationList section */
		18F3CC0E21FDA74F00008E4B /* Build configuration list for PBXProject "HW41" */ = {
			isa = XCConfigurationList;
			buildConfigurations = (
				18F3CC3921FDA75000008E4B /* Debug */,
				18F3CC3A21FDA75000008E4B /* Release */,
			);
			defaultConfigurationIsVisible = 0;
			defaultConfigurationName = Release;
		};
		18F3CC3B21FDA75000008E4B /* Build configuration list for PBXNativeTarget "HW41" */ = {
			isa = XCConfigurationList;
			buildConfigurations = (
				18F3CC3C21FDA75000008E4B /* Debug */,
				18F3CC3D21FDA75000008E4B /* Release */,
			);
			defaultConfigurationIsVisible = 0;
			defaultConfigurationName = Release;
		};
		18F3CC3E21FDA75000008E4B /* Build configuration list for PBXNativeTarget "HW41Tests" */ = {
			isa = XCConfigurationList;
			buildConfigurations = (
				18F3CC3F21FDA75000008E4B /* Debug */,
				18F3CC4021FDA75000008E4B /* Release */,
			);
			defaultConfigurationIsVisible = 0;
			defaultConfigurationName = Release;
		};
		18F3CC4121FDA75000008E4B /* Build configuration list for PBXNativeTarget "HW41UITests" */ = {
			isa = XCConfigurationList;
			buildConfigurations = (
				18F3CC4221FDA75000008E4B /* Debug */,
				18F3CC4321FDA75000008E4B /* Release */,
			);
			defaultConfigurationIsVisible = 0;
			defaultConfigurationName = Release;
		};
/* End XCConfigurationList section */
	};
	rootObject = 18F3CC0B21FDA74F00008E4B /* Project object */;
}
